<Solution>
  <Folder Name="/KwyTemplate/">
    <Project Path="KwyTemplate.App/KwyTemplate.App.csproj" Id="6c2128f6-47c3-4ea3-8957-f7279c5a8179" />
    <Project Path="KwyTemplate.Contracts/KwyTemplate.Contracts.csproj" Id="11dc8409-0ef1-4531-9cd9-8275cd01b217" />
    <Project Path="KwyTemplate.Device/KwyTemplate.Device.csproj" Id="da527744-348b-47b7-9fc3-bb9d377f8644" />
    <Project Path="KwyTemplate.Flow/KwyTemplate.Flow.csproj" Id="bef960d7-2aa4-4cb5-bf9a-7df2cb83415d" />
    <Project Path="KwyTemplate.Security/KwyTemplate.Security.csproj" Id="23b46b31-e57f-4153-89f0-e052f93e6bf7" />
    <Project Path="KwyTemplate.Shell/KwyTemplate.Shell.csproj" />
    <Project Path="KwyTemplate.Vision/KwyTemplate.Vision.csproj" />
  </Folder>
  <Project Path="Kwy.Analytics/Kwy.Analytics.csproj" Id="0d928a03-6434-4813-8d65-381336a2f8c4" />
  <Project Path="Kwy.Communicate.Abstractions/Kwy.Communicate.Abstractions.csproj" />
  <Project Path="Kwy.Communicate.Core/Kwy.Communicate.Core.csproj" Id="4eb51155-2c16-43f9-b153-9c7387f422b6" />
  <Project Path="Kwy.Communicate.FMdb/Kwy.Communicate.FMdb.csproj" Id="95926aed-0f23-4270-b873-111680c46484" />
  <Project Path="Kwy.Communicate.Gem/Kwy.Communicate.Gem.csproj" />
  <Project Path="Kwy.Communicate.Gem300/Kwy.Communicate.Gem300.csproj" Id="728a621c-edc6-4753-b390-4303366e3d30" />
  <Project Path="Kwy.Communicate.Mqtt/Kwy.Communicate.Mqtt.csproj" Id="a08c1cb9-d3ee-4d52-a967-f2f5674cd48c" />
  <Project Path="Kwy.Communicate.NI/Kwy.Communicate.NI.csproj" Id="9aac76b0-d811-4800-bf8d-242b38e904e4" />
  <Project Path="Kwy.Communicate.OpcUa/Kwy.Communicate.OpcUa.csproj" Id="27449b06-edb9-4ceb-b2e3-05bc77833f2e" />
  <Project Path="Kwy.Communicate.Secs.Secs4Net/Kwy.Communicate.Secs.Secs4Net.csproj" />
  <Project Path="Kwy.Communicate.Secs/Kwy.Communicate.Secs.csproj" />
  <Project Path="Kwy.Communicate.TcpSerial/Kwy.Communicate.TcpSerial.csproj" Id="e8f74b40-830b-44eb-bde5-95abe7039746" />
  <Project Path="Kwy.Communicate.Visa/Kwy.Communicate.Visa.csproj" Id="0984d861-9c50-408f-8b4c-d781f85c453f" />
  <Project Path="Kwy.ComponentModel/Kwy.ComponentModel.csproj" Id="dd0666de-5489-457e-a91d-cf47073aec86" />
  <Project Path="Kwy.Core/Kwy.Core.csproj" Id="5c2f67c8-aa50-46dd-aae4-e68fb09d31fe" />
  <Project Path="Kwy.Data.Abstractions/Kwy.Data.Abstractions.csproj" Id="986acb37-018c-41f8-a599-ddc8f5a07580" />
  <Project Path="Kwy.Data.Core/Kwy.Data.Core.csproj" Id="f98bef74-e2ec-4ad5-9549-acbbfe0902f1" />
  <Project Path="Kwy.Data.EFCore.Sqlite/Kwy.Data.EFCore.Sqlite.csproj" Id="858c9e16-3a0f-40ee-92d0-d5024ac4f0d2" />
  <Project Path="Kwy.Data.EFCore/Kwy.Data.EFCore.csproj" Id="318d59e8-3f73-4b1a-987b-598f17cc637e" />
  <Project Path="Kwy.Data.Sql.Sqlite/Kwy.Data.Sql.Sqlite.csproj" Id="90f1b2b8-b357-4840-8122-1295488f9c96" />
  <Project Path="Kwy.Data.Sql/Kwy.Data.Sql.csproj" Id="e239543a-3281-4d87-b617-175dbdb726bc" />
  <Project Path="Kwy.Device.Abstractions/Kwy.Device.Abstractions.csproj" />
  <Project Path="Kwy.Device.Camera.Tests/Kwy.Device.Camera.Tests.csproj" />
  <Project Path="Kwy.Device.Cameras.Basler/Kwy.Device.Cameras.Basler.csproj" Id="ede3fccf-3732-4b64-885f-e8c908441c30" />
  <Project Path="Kwy.Device.Cameras.Dahua/Kwy.Device.Cameras.Dahua.csproj" Id="648f1170-0840-4f83-8b56-a413a2686d28" />
  <Project Path="Kwy.Device.Cameras.Halcon/Kwy.Device.Cameras.Halcon.csproj" Id="14ee5c25-9d0d-4522-a960-5c1de01dc556" />
  <Project Path="Kwy.Device.Cameras.HikVision/Kwy.Device.Cameras.HikVision.csproj" Id="04cc9402-e3b3-470c-aa3e-c3ec71460964" />
  <Project Path="Kwy.Device.Core/Kwy.Device.Core.csproj" Id="48e87eba-648f-49c8-a84f-cf0a5d98b069" />
  <Project Path="Kwy.Device.Instruments/Kwy.Device.Instruments.csproj" />
  <Project Path="Kwy.Device.IoCards.Advantech/Kwy.Device.IoCards.Advantech.csproj" Id="665abd38-5ef9-443c-874a-9b577da013a3" />
  <Project Path="Kwy.Device.IoCards.Leadshine/Kwy.Device.IoCards.Leadshine.csproj" Id="15aad508-1f53-4b44-a4ab-9188723d625e" />
  <Project Path="Kwy.Device.IoCards/Kwy.Device.IoCards.csproj" />
  <Project Path="Kwy.Device.Motion.Benchmarks/Kwy.Device.Motion.Benchmarks.csproj" />
  <Project Path="Kwy.Device.Motion.Tests/Kwy.Device.Motion.Tests.csproj" />
  <Project Path="Kwy.Device.MotionCards.Googol/Kwy.Device.MotionCards.Googol.csproj" Id="4db6d6d7-7041-4f9e-96cd-2e4e3a7a587c" />
  <Project Path="Kwy.Device.MotionCards.Leadshine/Kwy.Device.MotionCards.Leadshine.csproj" Id="ba4a18f1-456d-4b3c-8366-504becca2cc1" />
  <Project Path="Kwy.Device.MotionCards.Simulation/Kwy.Device.MotionCards.Simulation.csproj" />
  <Project Path="Kwy.Device.MotionCards.ZMotion/Kwy.Device.MotionCards.ZMotion.csproj" Id="97a0abb8-3092-41af-a5d6-c3719c91db7b" />
  <Project Path="Kwy.Device.Peripherals/Kwy.Device.Peripherals.csproj" Id="22e10305-92fd-4702-8b2f-c9e79bf6adba" />
  <Project Path="Kwy.Device.PLCs.Hsl/Kwy.Device.PLCs.Hsl.csproj" Id="befad0b3-1d27-4133-8c48-97e5c3a80eb8" />
  <Project Path="Kwy.Device.PLCs.IoTClient/Kwy.Device.PLCs.IoTClient.csproj" Id="492ff429-2407-438e-8a40-3f580faaeb6a" />
  <Project Path="Kwy.Device.Semiconductor.Gem/Kwy.Device.Semiconductor.Gem.csproj" />
  <Project Path="Kwy.Files.Excel.Abstractions/Kwy.Files.Excel.Abstractions.csproj" Id="9d53d60a-4b3b-4136-8baa-533c4e516f1b" />
  <Project Path="Kwy.Files.Excel.EPPlus/Kwy.Files.Excel.EPPlus.csproj" Id="2ca55765-10cd-4b4e-89c3-7dc3ce9b6d10" />
  <Project Path="Kwy.Files.Excel.Interop/Kwy.Files.Excel.Interop.csproj" Id="0c2fcd58-41ef-492a-9453-548c86b7b5c3" />
  <Project Path="Kwy.Files.Excel.NPOI/Kwy.Files.Excel.NPOI.csproj" Id="e75eb245-e9fd-4dc0-aec3-f71ba0716dbf" />
  <Project Path="Kwy.Files.Tests/Kwy.Files.Tests.csproj" />
  <Project Path="Kwy.Files/Kwy.Files.csproj" Id="e6643907-ecc0-48a5-8b2a-fb66b1384938" />
  <Project Path="Kwy.Licensing.Abstractions/Kwy.Licensing.Abstractions.csproj" />
  <Project Path="Kwy.Licensing.Core/Kwy.Licensing.Core.csproj" />
  <Project Path="Kwy.Logging.Abstractions/Kwy.Logging.Abstractions.csproj" Id="b6f594d4-55a3-44a0-97e2-8f2d7a69f7c5" />
  <Project Path="Kwy.Logging.Serilog/Kwy.Logging.Serilog.csproj" Id="55279d5c-9e76-4b0a-b452-2d6a60b748bb" />
  <Project Path="Kwy.Mes.Abstractions/Kwy.Mes.Abstractions.csproj" Id="8c01540d-c6f5-4549-8a40-49a68f3ee5f4" />
  <Project Path="Kwy.Mes.Core/Kwy.Mes.Core.csproj" Id="0bd123d4-9a6c-48e5-bb57-d7770e76501c" />
  <Project Path="Kwy.Mes.Http/Kwy.Mes.Http.csproj" Id="6d399fbe-67cd-4054-b47d-dab114b25bd1" />
  <Project Path="Kwy.Mes.Mqtt/Kwy.Mes.Mqtt.csproj" Id="fa3ed2ae-10a9-43ba-8e94-4106cbb72bf9" />
  <Project Path="Kwy.MVVM.Tests/Kwy.MVVM.Tests.csproj" />
  <Project Path="Kwy.MVVM.WPF.Tests/Kwy.MVVM.WPF.Tests.csproj" />
  <Project Path="Kwy.MVVM.WPF/Kwy.MVVM.WPF.csproj" />
  <Project Path="Kwy.MVVM/Kwy.MVVM.csproj" />
  <Project Path="Kwy.SpiderEngine/Kwy.SpiderEngine.csproj" />
  <Project Path="Kwy.UI.WPF.3D.Abstractions/Kwy.UI.WPF.3D.Abstractions.csproj" Id="0c263906-1ab5-46c9-a143-0abcc0675277" />
  <Project Path="Kwy.UI.WPF.3D.HelixToolkit/Kwy.UI.WPF.3D.HelixToolkit.csproj" Id="85862fee-846c-4f7a-b0d7-faf04cd47a74" />
  <Project Path="Kwy.UI.WPF.3D.OpenGL/Kwy.UI.WPF.3D.OpenGL.csproj" Id="7cc0cbb0-aac1-4415-b50f-3b2db19ffff7" />
  <Project Path="Kwy.UI.WPF.Charts.Abstractions/Kwy.UI.WPF.Charts.Abstractions.csproj" Id="9d310296-bd86-470a-a852-b54200bbe798" />
  <Project Path="Kwy.UI.WPF.Charts.OxyPlot/Kwy.UI.WPF.Charts.OxyPlot.csproj" Id="38191c9d-24fd-4ae5-9abc-ce252e30d068" />
  <Project Path="Kwy.UI.WPF.Charts.ScottPlot/Kwy.UI.WPF.Charts.ScottPlot.csproj" Id="3bedcda3-cb3e-45b7-bab2-83a06a5efbcf" />
  <Project Path="Kwy.UI.WPF.Components/Kwy.UI.WPF.Components.csproj" Id="87b75c32-f346-451d-a853-ecd027fbd982" />
  <Project Path="Kwy.UI.WPF.FlowDesigner/Kwy.UI.WPF.FlowDesigner.csproj" />
  <Project Path="Kwy.UI.WPF/Kwy.UI.WPF.csproj" />
  <Project Path="Kwy.UI/Kwy.UI.csproj" />
  <Project Path="Kwy.Vision.Abstractions/Kwy.Vision.Abstractions.csproj" />
  <Project Path="Kwy.Vision.DeepLearning.Halcon/Kwy.Vision.DeepLearning.Halcon.csproj" />
  <Project Path="Kwy.Vision.DeepLearning.Onnx/Kwy.Vision.DeepLearning.Onnx.csproj" />
  <Project Path="Kwy.Vision.DeepLearning.TensorRT/Kwy.Vision.DeepLearning.TensorRT.csproj" />
  <Project Path="Kwy.Vision.Halcon.WPF/Kwy.Vision.Halcon.WPF.csproj" Id="3f0ed24f-d5ec-4aee-9326-42a4b6151289" />
  <Project Path="Kwy.Vision.Halcon/Kwy.Vision.Halcon.csproj" />
  <Project Path="Kwy.Vision.OpenCV/Kwy.Vision.OpenCV.csproj" />
  <Project Path="Kwy.Vision.Tests/Kwy.Vision.Tests.csproj" />
  <Project Path="Kwy.Vision.WPF/Kwy.Vision.WPF.csproj" />
  <Project Path="KwyAppDemo/KwyAppDemo.csproj" />
</Solution>
