
Microsoft Visual Studio Solution File, Format Version 12.00
# Visual Studio Version 17
VisualStudioVersion = 17.0.31903.59
MinimumVisualStudioVersion = 10.0.40219.1
Project("{2150E333-8FDC-42A3-9474-1A3956D46DE8}") = "KwyTemplate", "KwyTemplate", "{D8D6ECB3-2174-2CF6-25A7-12AB460C6B26}"
EndProject
Project("{FAE04EC0-301F-11D3-BF4B-00C04F79EFBC}") = "KwyTemplate.App", "KwyTemplate.App\KwyTemplate.App.csproj", "{217493A8-A309-4D62-B446-9D6B3FD350DB}"
EndProject
Project("{FAE04EC0-301F-11D3-BF4B-00C04F79EFBC}") = "Kwy.Communicate.Abstractions", "Kwy.Communicate.Abstractions\Kwy.Communicate.Abstractions.csproj", "{9614DB38-B1ED-4229-B090-057F9AC63105}"
EndProject
Project("{FAE04EC0-301F-11D3-BF4B-00C04F79EFBC}") = "Kwy.Communicate.Core", "Kwy.Communicate.Core\Kwy.Communicate.Core.csproj", "{11E399D0-E1DC-494F-8616-1CFACCFEFBEB}"
EndProject
Project("{FAE04EC0-301F-11D3-BF4B-00C04F79EFBC}") = "Kwy.Communicate.Mqtt", "Kwy.Communicate.Mqtt\Kwy.Communicate.Mqtt.csproj", "{AC3D44F3-F0FF-4886-8EB9-1EBA89FFAF01}"
EndProject
Project("{FAE04EC0-301F-11D3-BF4B-00C04F79EFBC}") = "Kwy.Communicate.NI", "Kwy.Communicate.NI\Kwy.Communicate.NI.csproj", "{6F98A089-4E14-4286-939F-BC2BE233AF51}"
EndProject
Project("{FAE04EC0-301F-11D3-BF4B-00C04F79EFBC}") = "Kwy.Communicate.OpcUa", "Kwy.Communicate.OpcUa\Kwy.Communicate.OpcUa.csproj", "{2809C6ED-81FB-4627-B44A-D9EADFAC7BBF}"
EndProject
Project("{FAE04EC0-301F-11D3-BF4B-00C04F79EFBC}") = "Kwy.Communicate.TcpSerial", "Kwy.Communicate.TcpSerial\Kwy.Communicate.TcpSerial.csproj", "{9D9F39D8-A45A-4A64-AC31-1E8ED63F8A5B}"
EndProject
Project("{FAE04EC0-301F-11D3-BF4B-00C04F79EFBC}") = "Kwy.ComponentModel", "Kwy.ComponentModel\Kwy.ComponentModel.csproj", "{5C685FB8-CACE-4C42-A100-979564BD4905}"
EndProject
Project("{FAE04EC0-301F-11D3-BF4B-00C04F79EFBC}") = "Kwy.Core", "Kwy.Core\Kwy.Core.csproj", "{A407927D-ED16-4EF2-A0C4-C2C927A7C5D8}"
EndProject
Project("{FAE04EC0-301F-11D3-BF4B-00C04F79EFBC}") = "Kwy.Data.Abstractions", "Kwy.Data.Abstractions\Kwy.Data.Abstractions.csproj", "{7C959C22-0FFB-4890-BD2D-82A9FD2498BB}"
EndProject
Project("{FAE04EC0-301F-11D3-BF4B-00C04F79EFBC}") = "Kwy.Data.Core", "Kwy.Data.Core\Kwy.Data.Core.csproj", "{EE3BD280-74A2-454C-A1D1-57D6EE86972B}"
EndProject
Project("{FAE04EC0-301F-11D3-BF4B-00C04F79EFBC}") = "Kwy.Data.EFCore.Sqlite", "Kwy.Data.EFCore.Sqlite\Kwy.Data.EFCore.Sqlite.csproj", "{87871A9B-EE5A-4940-AD31-6485D7EAC10C}"
EndProject
Project("{FAE04EC0-301F-11D3-BF4B-00C04F79EFBC}") = "Kwy.Data.EFCore", "Kwy.Data.EFCore\Kwy.Data.EFCore.csproj", "{1A81277E-296C-40A6-A02A-E5709CC1AF29}"
EndProject
Project("{FAE04EC0-301F-11D3-BF4B-00C04F79EFBC}") = "Kwy.Device.Abstractions", "Kwy.Device.Abstractions\Kwy.Device.Abstractions.csproj", "{D992934E-033E-4A97-ACED-C4BF6E158C7B}"
EndProject
Project("{FAE04EC0-301F-11D3-BF4B-00C04F79EFBC}") = "Kwy.Device.Core", "Kwy.Device.Core\Kwy.Device.Core.csproj", "{08AE71B2-8A2C-4AEE-AF17-A21B8CD5E385}"
EndProject
Project("{FAE04EC0-301F-11D3-BF4B-00C04F79EFBC}") = "Kwy.Device.Instruments", "Kwy.Device.Instruments\Kwy.Device.Instruments.csproj", "{565BFD5C-84C2-4D07-9C0E-0F8F7AB87403}"
EndProject
Project("{FAE04EC0-301F-11D3-BF4B-00C04F79EFBC}") = "Kwy.Device.IoCards.Advantech", "Kwy.Device.IoCards.Advantech\Kwy.Device.IoCards.Advantech.csproj", "{09F008FD-21EE-4C94-AA91-B45FE37EF36C}"
EndProject
Project("{FAE04EC0-301F-11D3-BF4B-00C04F79EFBC}") = "Kwy.Device.PLCs.Hsl", "Kwy.Device.PLCs.Hsl\Kwy.Device.PLCs.Hsl.csproj", "{22D75F08-66F7-42D1-AD36-37349115BA88}"
EndProject
Project("{FAE04EC0-301F-11D3-BF4B-00C04F79EFBC}") = "Kwy.Files", "Kwy.Files\Kwy.Files.csproj", "{43BD843F-EF98-45A4-956F-BF419AFCBC94}"
EndProject
Project("{FAE04EC0-301F-11D3-BF4B-00C04F79EFBC}") = "Kwy.Licensing.Abstractions", "Kwy.Licensing.Abstractions\Kwy.Licensing.Abstractions.csproj", "{72D5CD50-0648-446D-A2A9-9A8B39A50E9B}"
EndProject
Project("{FAE04EC0-301F-11D3-BF4B-00C04F79EFBC}") = "Kwy.Logging.Abstractions", "Kwy.Logging.Abstractions\Kwy.Logging.Abstractions.csproj", "{CE3D7931-852A-4A90-93DD-CC691C07CB7E}"
EndProject
Project("{FAE04EC0-301F-11D3-BF4B-00C04F79EFBC}") = "Kwy.Logging.Serilog", "Kwy.Logging.Serilog\Kwy.Logging.Serilog.csproj", "{7C7031B6-8DF2-4B03-899F-837BF12D7540}"
EndProject
Project("{FAE04EC0-301F-11D3-BF4B-00C04F79EFBC}") = "Kwy.MVVM.WPF", "Kwy.MVVM.WPF\Kwy.MVVM.WPF.csproj", "{C9ECE765-6FA3-4FB0-AE1A-FCD00CD197E2}"
EndProject
Project("{FAE04EC0-301F-11D3-BF4B-00C04F79EFBC}") = "Kwy.MVVM", "Kwy.MVVM\Kwy.MVVM.csproj", "{21B32724-5C2E-4BB2-A0C0-267B2BB293E3}"
EndProject
Project("{FAE04EC0-301F-11D3-BF4B-00C04F79EFBC}") = "Kwy.UI.WPF.Charts.Abstractions", "Kwy.UI.WPF.Charts.Abstractions\Kwy.UI.WPF.Charts.Abstractions.csproj", "{E89CBB9D-33C1-4AA1-B7EE-54B68AE77DED}"
EndProject
Project("{FAE04EC0-301F-11D3-BF4B-00C04F79EFBC}") = "Kwy.UI.WPF.Charts.OxyPlot", "Kwy.UI.WPF.Charts.OxyPlot\Kwy.UI.WPF.Charts.OxyPlot.csproj", "{E79C8AA2-1659-499B-8CCC-A09AE5147AEC}"
EndProject
Project("{FAE04EC0-301F-11D3-BF4B-00C04F79EFBC}") = "Kwy.UI.WPF.Components", "Kwy.UI.WPF.Components\Kwy.UI.WPF.Components.csproj", "{845BA728-507D-480C-BF99-D995AD51398F}"
EndProject
Project("{FAE04EC0-301F-11D3-BF4B-00C04F79EFBC}") = "Kwy.UI.WPF", "Kwy.UI.WPF\Kwy.UI.WPF.csproj", "{130C3007-DF71-4505-9E22-CF902ACCB136}"
EndProject
Project("{FAE04EC0-301F-11D3-BF4B-00C04F79EFBC}") = "Kwy.UI", "Kwy.UI\Kwy.UI.csproj", "{02AC1A8C-8C5A-476A-ADBA-3BA33C0C9998}"
EndProject
Project("{2150E333-8FDC-42A3-9474-1A3956D46DE8}") = "Tools", "Tools", "{07C2787E-EAC7-C090-1BA3-A61EC2A24D84}"
EndProject
Project("{FAE04EC0-301F-11D3-BF4B-00C04F79EFBC}") = "Kwy.Packaging", "Kwy.Packaging\Kwy.Packaging.csproj", "{0D97E92C-CBCC-414E-BF34-FA5B78F3EE76}"
EndProject
Project("{FAE04EC0-301F-11D3-BF4B-00C04F79EFBC}") = "KwyTemplate.Contracts", "KwyTemplate.Contracts\KwyTemplate.Contracts.csproj", "{1327D2A6-F864-4EAA-AC30-900E06609539}"
EndProject
Project("{FAE04EC0-301F-11D3-BF4B-00C04F79EFBC}") = "KwyTemplate.Device", "KwyTemplate.Device\KwyTemplate.Device.csproj", "{A7411944-7A1F-4EF8-AC23-BBF10D06527F}"
EndProject
Project("{FAE04EC0-301F-11D3-BF4B-00C04F79EFBC}") = "KwyTemplate.Flow", "KwyTemplate.Flow\KwyTemplate.Flow.csproj", "{E1985161-1334-4939-8478-BB4A337DA3B3}"
EndProject
Project("{FAE04EC0-301F-11D3-BF4B-00C04F79EFBC}") = "KwyTemplate.MES.Abstract", "KwyTemplate.MES.Abstract\KwyTemplate.MES.Abstract.csproj", "{6BAA9455-2754-4072-B363-3C1345B8CD76}"
EndProject
Project("{FAE04EC0-301F-11D3-BF4B-00C04F79EFBC}") = "KwyTemplate.MES.Cyntec", "KwyTemplate.MES.Cyntec\KwyTemplate.MES.Cyntec.csproj", "{A06047F4-56FB-422A-A56D-C6FF8CA990D3}"
EndProject
Project("{FAE04EC0-301F-11D3-BF4B-00C04F79EFBC}") = "KwyTemplate.Security", "KwyTemplate.Security\KwyTemplate.Security.csproj", "{82D8AF87-1D0F-4484-829A-50AED81DE2FF}"
EndProject
Project("{FAE04EC0-301F-11D3-BF4B-00C04F79EFBC}") = "KwyTemplate.Shell", "KwyTemplate.Shell\KwyTemplate.Shell.csproj", "{E99A2650-C3AF-432D-BF8C-A2E235F48820}"
EndProject
Project("{FAE04EC0-301F-11D3-BF4B-00C04F79EFBC}") = "KwyTemplate.Security.SuperDog", "KwyTemplate.Security.SuperDog\KwyTemplate.Security.SuperDog.csproj", "{738F6621-92B4-45FE-98CA-47CDB47A1513}"
EndProject
Global
	GlobalSection(SolutionConfigurationPlatforms) = preSolution
		Debug|Any CPU = Debug|Any CPU
		Debug|x64 = Debug|x64
		Debug|x86 = Debug|x86
		Release|Any CPU = Release|Any CPU
		Release|x64 = Release|x64
		Release|x86 = Release|x86
	EndGlobalSection
	GlobalSection(ProjectConfigurationPlatforms) = postSolution
		{217493A8-A309-4D62-B446-9D6B3FD350DB}.Debug|Any CPU.ActiveCfg = Debug|Any CPU
		{217493A8-A309-4D62-B446-9D6B3FD350DB}.Debug|Any CPU.Build.0 = Debug|Any CPU
		{217493A8-A309-4D62-B446-9D6B3FD350DB}.Debug|x64.ActiveCfg = Debug|Any CPU
		{217493A8-A309-4D62-B446-9D6B3FD350DB}.Debug|x64.Build.0 = Debug|Any CPU
		{217493A8-A309-4D62-B446-9D6B3FD350DB}.Debug|x86.ActiveCfg = Debug|Any CPU
		{217493A8-A309-4D62-B446-9D6B3FD350DB}.Debug|x86.Build.0 = Debug|Any CPU
		{217493A8-A309-4D62-B446-9D6B3FD350DB}.Release|Any CPU.ActiveCfg = Release|Any CPU
		{217493A8-A309-4D62-B446-9D6B3FD350DB}.Release|Any CPU.Build.0 = Release|Any CPU
		{217493A8-A309-4D62-B446-9D6B3FD350DB}.Release|x64.ActiveCfg = Release|Any CPU
		{217493A8-A309-4D62-B446-9D6B3FD350DB}.Release|x64.Build.0 = Release|Any CPU
		{217493A8-A309-4D62-B446-9D6B3FD350DB}.Release|x86.ActiveCfg = Release|Any CPU
		{217493A8-A309-4D62-B446-9D6B3FD350DB}.Release|x86.Build.0 = Release|Any CPU
		{9614DB38-B1ED-4229-B090-057F9AC63105}.Debug|Any CPU.ActiveCfg = Debug|Any CPU
		{9614DB38-B1ED-4229-B090-057F9AC63105}.Debug|Any CPU.Build.0 = Debug|Any CPU
		{9614DB38-B1ED-4229-B090-057F9AC63105}.Debug|x64.ActiveCfg = Debug|Any CPU
		{9614DB38-B1ED-4229-B090-057F9AC63105}.Debug|x64.Build.0 = Debug|Any CPU
		{9614DB38-B1ED-4229-B090-057F9AC63105}.Debug|x86.ActiveCfg = Debug|Any CPU
		{9614DB38-B1ED-4229-B090-057F9AC63105}.Debug|x86.Build.0 = Debug|Any CPU
		{9614DB38-B1ED-4229-B090-057F9AC63105}.Release|Any CPU.ActiveCfg = Release|Any CPU
		{9614DB38-B1ED-4229-B090-057F9AC63105}.Release|Any CPU.Build.0 = Release|Any CPU
		{9614DB38-B1ED-4229-B090-057F9AC63105}.Release|x64.ActiveCfg = Release|Any CPU
		{9614DB38-B1ED-4229-B090-057F9AC63105}.Release|x64.Build.0 = Release|Any CPU
		{9614DB38-B1ED-4229-B090-057F9AC63105}.Release|x86.ActiveCfg = Release|Any CPU
		{9614DB38-B1ED-4229-B090-057F9AC63105}.Release|x86.Build.0 = Release|Any CPU
		{11E399D0-E1DC-494F-8616-1CFACCFEFBEB}.Debug|Any CPU.ActiveCfg = Debug|Any CPU
		{11E399D0-E1DC-494F-8616-1CFACCFEFBEB}.Debug|Any CPU.Build.0 = Debug|Any CPU
		{11E399D0-E1DC-494F-8616-1CFACCFEFBEB}.Debug|x64.ActiveCfg = Debug|Any CPU
		{11E399D0-E1DC-494F-8616-1CFACCFEFBEB}.Debug|x64.Build.0 = Debug|Any CPU
		{11E399D0-E1DC-494F-8616-1CFACCFEFBEB}.Debug|x86.ActiveCfg = Debug|Any CPU
		{11E399D0-E1DC-494F-8616-1CFACCFEFBEB}.Debug|x86.Build.0 = Debug|Any CPU
		{11E399D0-E1DC-494F-8616-1CFACCFEFBEB}.Release|Any CPU.ActiveCfg = Release|Any CPU
		{11E399D0-E1DC-494F-8616-1CFACCFEFBEB}.Release|Any CPU.Build.0 = Release|Any CPU
		{11E399D0-E1DC-494F-8616-1CFACCFEFBEB}.Release|x64.ActiveCfg = Release|Any CPU
		{11E399D0-E1DC-494F-8616-1CFACCFEFBEB}.Release|x64.Build.0 = Release|Any CPU
		{11E399D0-E1DC-494F-8616-1CFACCFEFBEB}.Release|x86.ActiveCfg = Release|Any CPU
		{11E399D0-E1DC-494F-8616-1CFACCFEFBEB}.Release|x86.Build.0 = Release|Any CPU
		{AC3D44F3-F0FF-4886-8EB9-1EBA89FFAF01}.Debug|Any CPU.ActiveCfg = Debug|Any CPU
		{AC3D44F3-F0FF-4886-8EB9-1EBA89FFAF01}.Debug|Any CPU.Build.0 = Debug|Any CPU
		{AC3D44F3-F0FF-4886-8EB9-1EBA89FFAF01}.Debug|x64.ActiveCfg = Debug|Any CPU
		{AC3D44F3-F0FF-4886-8EB9-1EBA89FFAF01}.Debug|x64.Build.0 = Debug|Any CPU
		{AC3D44F3-F0FF-4886-8EB9-1EBA89FFAF01}.Debug|x86.ActiveCfg = Debug|Any CPU
		{AC3D44F3-F0FF-4886-8EB9-1EBA89FFAF01}.Debug|x86.Build.0 = Debug|Any CPU
		{AC3D44F3-F0FF-4886-8EB9-1EBA89FFAF01}.Release|Any CPU.ActiveCfg = Release|Any CPU
		{AC3D44F3-F0FF-4886-8EB9-1EBA89FFAF01}.Release|Any CPU.Build.0 = Release|Any CPU
		{AC3D44F3-F0FF-4886-8EB9-1EBA89FFAF01}.Release|x64.ActiveCfg = Release|Any CPU
		{AC3D44F3-F0FF-4886-8EB9-1EBA89FFAF01}.Release|x64.Build.0 = Release|Any CPU
		{AC3D44F3-F0FF-4886-8EB9-1EBA89FFAF01}.Release|x86.ActiveCfg = Release|Any CPU
		{AC3D44F3-F0FF-4886-8EB9-1EBA89FFAF01}.Release|x86.Build.0 = Release|Any CPU
		{6F98A089-4E14-4286-939F-BC2BE233AF51}.Debug|Any CPU.ActiveCfg = Debug|Any CPU
		{6F98A089-4E14-4286-939F-BC2BE233AF51}.Debug|Any CPU.Build.0 = Debug|Any CPU
		{6F98A089-4E14-4286-939F-BC2BE233AF51}.Debug|x64.ActiveCfg = Debug|Any CPU
		{6F98A089-4E14-4286-939F-BC2BE233AF51}.Debug|x64.Build.0 = Debug|Any CPU
		{6F98A089-4E14-4286-939F-BC2BE233AF51}.Debug|x86.ActiveCfg = Debug|Any CPU
		{6F98A089-4E14-4286-939F-BC2BE233AF51}.Debug|x86.Build.0 = Debug|Any CPU
		{6F98A089-4E14-4286-939F-BC2BE233AF51}.Release|Any CPU.ActiveCfg = Release|Any CPU
		{6F98A089-4E14-4286-939F-BC2BE233AF51}.Release|Any CPU.Build.0 = Release|Any CPU
		{6F98A089-4E14-4286-939F-BC2BE233AF51}.Release|x64.ActiveCfg = Release|Any CPU
		{6F98A089-4E14-4286-939F-BC2BE233AF51}.Release|x64.Build.0 = Release|Any CPU
		{6F98A089-4E14-4286-939F-BC2BE233AF51}.Release|x86.ActiveCfg = Release|Any CPU
		{6F98A089-4E14-4286-939F-BC2BE233AF51}.Release|x86.Build.0 = Release|Any CPU
		{2809C6ED-81FB-4627-B44A-D9EADFAC7BBF}.Debug|Any CPU.ActiveCfg = Debug|Any CPU
		{2809C6ED-81FB-4627-B44A-D9EADFAC7BBF}.Debug|Any CPU.Build.0 = Debug|Any CPU
		{2809C6ED-81FB-4627-B44A-D9EADFAC7BBF}.Debug|x64.ActiveCfg = Debug|Any CPU
		{2809C6ED-81FB-4627-B44A-D9EADFAC7BBF}.Debug|x64.Build.0 = Debug|Any CPU
		{2809C6ED-81FB-4627-B44A-D9EADFAC7BBF}.Debug|x86.ActiveCfg = Debug|Any CPU
		{2809C6ED-81FB-4627-B44A-D9EADFAC7BBF}.Debug|x86.Build.0 = Debug|Any CPU
		{2809C6ED-81FB-4627-B44A-D9EADFAC7BBF}.Release|Any CPU.ActiveCfg = Release|Any CPU
		{2809C6ED-81FB-4627-B44A-D9EADFAC7BBF}.Release|Any CPU.Build.0 = Release|Any CPU
		{2809C6ED-81FB-4627-B44A-D9EADFAC7BBF}.Release|x64.ActiveCfg = Release|Any CPU
		{2809C6ED-81FB-4627-B44A-D9EADFAC7BBF}.Release|x64.Build.0 = Release|Any CPU
		{2809C6ED-81FB-4627-B44A-D9EADFAC7BBF}.Release|x86.ActiveCfg = Release|Any CPU
		{2809C6ED-81FB-4627-B44A-D9EADFAC7BBF}.Release|x86.Build.0 = Release|Any CPU
		{9D9F39D8-A45A-4A64-AC31-1E8ED63F8A5B}.Debug|Any CPU.ActiveCfg = Debug|Any CPU
		{9D9F39D8-A45A-4A64-AC31-1E8ED63F8A5B}.Debug|Any CPU.Build.0 = Debug|Any CPU
		{9D9F39D8-A45A-4A64-AC31-1E8ED63F8A5B}.Debug|x64.ActiveCfg = Debug|Any CPU
		{9D9F39D8-A45A-4A64-AC31-1E8ED63F8A5B}.Debug|x64.Build.0 = Debug|Any CPU
		{9D9F39D8-A45A-4A64-AC31-1E8ED63F8A5B}.Debug|x86.ActiveCfg = Debug|Any CPU
		{9D9F39D8-A45A-4A64-AC31-1E8ED63F8A5B}.Debug|x86.Build.0 = Debug|Any CPU
		{9D9F39D8-A45A-4A64-AC31-1E8ED63F8A5B}.Release|Any CPU.ActiveCfg = Release|Any CPU
		{9D9F39D8-A45A-4A64-AC31-1E8ED63F8A5B}.Release|Any CPU.Build.0 = Release|Any CPU
		{9D9F39D8-A45A-4A64-AC31-1E8ED63F8A5B}.Release|x64.ActiveCfg = Release|Any CPU
		{9D9F39D8-A45A-4A64-AC31-1E8ED63F8A5B}.Release|x64.Build.0 = Release|Any CPU
		{9D9F39D8-A45A-4A64-AC31-1E8ED63F8A5B}.Release|x86.ActiveCfg = Release|Any CPU
		{9D9F39D8-A45A-4A64-AC31-1E8ED63F8A5B}.Release|x86.Build.0 = Release|Any CPU
		{5C685FB8-CACE-4C42-A100-979564BD4905}.Debug|Any CPU.ActiveCfg = Debug|Any CPU
		{5C685FB8-CACE-4C42-A100-979564BD4905}.Debug|Any CPU.Build.0 = Debug|Any CPU
		{5C685FB8-CACE-4C42-A100-979564BD4905}.Debug|x64.ActiveCfg = Debug|Any CPU
		{5C685FB8-CACE-4C42-A100-979564BD4905}.Debug|x64.Build.0 = Debug|Any CPU
		{5C685FB8-CACE-4C42-A100-979564BD4905}.Debug|x86.ActiveCfg = Debug|Any CPU
		{5C685FB8-CACE-4C42-A100-979564BD4905}.Debug|x86.Build.0 = Debug|Any CPU
		{5C685FB8-CACE-4C42-A100-979564BD4905}.Release|Any CPU.ActiveCfg = Release|Any CPU
		{5C685FB8-CACE-4C42-A100-979564BD4905}.Release|Any CPU.Build.0 = Release|Any CPU
		{5C685FB8-CACE-4C42-A100-979564BD4905}.Release|x64.ActiveCfg = Release|Any CPU
		{5C685FB8-CACE-4C42-A100-979564BD4905}.Release|x64.Build.0 = Release|Any CPU
		{5C685FB8-CACE-4C42-A100-979564BD4905}.Release|x86.ActiveCfg = Release|Any CPU
		{5C685FB8-CACE-4C42-A100-979564BD4905}.Release|x86.Build.0 = Release|Any CPU
		{A407927D-ED16-4EF2-A0C4-C2C927A7C5D8}.Debug|Any CPU.ActiveCfg = Debug|Any CPU
		{A407927D-ED16-4EF2-A0C4-C2C927A7C5D8}.Debug|Any CPU.Build.0 = Debug|Any CPU
		{A407927D-ED16-4EF2-A0C4-C2C927A7C5D8}.Debug|x64.ActiveCfg = Debug|Any CPU
		{A407927D-ED16-4EF2-A0C4-C2C927A7C5D8}.Debug|x64.Build.0 = Debug|Any CPU
		{A407927D-ED16-4EF2-A0C4-C2C927A7C5D8}.Debug|x86.ActiveCfg = Debug|Any CPU
		{A407927D-ED16-4EF2-A0C4-C2C927A7C5D8}.Debug|x86.Build.0 = Debug|Any CPU
		{A407927D-ED16-4EF2-A0C4-C2C927A7C5D8}.Release|Any CPU.ActiveCfg = Release|Any CPU
		{A407927D-ED16-4EF2-A0C4-C2C927A7C5D8}.Release|Any CPU.Build.0 = Release|Any CPU
		{A407927D-ED16-4EF2-A0C4-C2C927A7C5D8}.Release|x64.ActiveCfg = Release|Any CPU
		{A407927D-ED16-4EF2-A0C4-C2C927A7C5D8}.Release|x64.Build.0 = Release|Any CPU
		{A407927D-ED16-4EF2-A0C4-C2C927A7C5D8}.Release|x86.ActiveCfg = Release|Any CPU
		{A407927D-ED16-4EF2-A0C4-C2C927A7C5D8}.Release|x86.Build.0 = Release|Any CPU
		{7C959C22-0FFB-4890-BD2D-82A9FD2498BB}.Debug|Any CPU.ActiveCfg = Debug|Any CPU
		{7C959C22-0FFB-4890-BD2D-82A9FD2498BB}.Debug|Any CPU.Build.0 = Debug|Any CPU
		{7C959C22-0FFB-4890-BD2D-82A9FD2498BB}.Debug|x64.ActiveCfg = Debug|Any CPU
		{7C959C22-0FFB-4890-BD2D-82A9FD2498BB}.Debug|x64.Build.0 = Debug|Any CPU
		{7C959C22-0FFB-4890-BD2D-82A9FD2498BB}.Debug|x86.ActiveCfg = Debug|Any CPU
		{7C959C22-0FFB-4890-BD2D-82A9FD2498BB}.Debug|x86.Build.0 = Debug|Any CPU
		{7C959C22-0FFB-4890-BD2D-82A9FD2498BB}.Release|Any CPU.ActiveCfg = Release|Any CPU
		{7C959C22-0FFB-4890-BD2D-82A9FD2498BB}.Release|Any CPU.Build.0 = Release|Any CPU
		{7C959C22-0FFB-4890-BD2D-82A9FD2498BB}.Release|x64.ActiveCfg = Release|Any CPU
		{7C959C22-0FFB-4890-BD2D-82A9FD2498BB}.Release|x64.Build.0 = Release|Any CPU
		{7C959C22-0FFB-4890-BD2D-82A9FD2498BB}.Release|x86.ActiveCfg = Release|Any CPU
		{7C959C22-0FFB-4890-BD2D-82A9FD2498BB}.Release|x86.Build.0 = Release|Any CPU
		{EE3BD280-74A2-454C-A1D1-57D6EE86972B}.Debug|Any CPU.ActiveCfg = Debug|Any CPU
		{EE3BD280-74A2-454C-A1D1-57D6EE86972B}.Debug|Any CPU.Build.0 = Debug|Any CPU
		{EE3BD280-74A2-454C-A1D1-57D6EE86972B}.Debug|x64.ActiveCfg = Debug|Any CPU
		{EE3BD280-74A2-454C-A1D1-57D6EE86972B}.Debug|x64.Build.0 = Debug|Any CPU
		{EE3BD280-74A2-454C-A1D1-57D6EE86972B}.Debug|x86.ActiveCfg = Debug|Any CPU
		{EE3BD280-74A2-454C-A1D1-57D6EE86972B}.Debug|x86.Build.0 = Debug|Any CPU
		{EE3BD280-74A2-454C-A1D1-57D6EE86972B}.Release|Any CPU.ActiveCfg = Release|Any CPU
		{EE3BD280-74A2-454C-A1D1-57D6EE86972B}.Release|Any CPU.Build.0 = Release|Any CPU
		{EE3BD280-74A2-454C-A1D1-57D6EE86972B}.Release|x64.ActiveCfg = Release|Any CPU
		{EE3BD280-74A2-454C-A1D1-57D6EE86972B}.Release|x64.Build.0 = Release|Any CPU
		{EE3BD280-74A2-454C-A1D1-57D6EE86972B}.Release|x86.ActiveCfg = Release|Any CPU
		{EE3BD280-74A2-454C-A1D1-57D6EE86972B}.Release|x86.Build.0 = Release|Any CPU
		{87871A9B-EE5A-4940-AD31-6485D7EAC10C}.Debug|Any CPU.ActiveCfg = Debug|Any CPU
		{87871A9B-EE5A-4940-AD31-6485D7EAC10C}.Debug|Any CPU.Build.0 = Debug|Any CPU
		{87871A9B-EE5A-4940-AD31-6485D7EAC10C}.Debug|x64.ActiveCfg = Debug|Any CPU
		{87871A9B-EE5A-4940-AD31-6485D7EAC10C}.Debug|x64.Build.0 = Debug|Any CPU
		{87871A9B-EE5A-4940-AD31-6485D7EAC10C}.Debug|x86.ActiveCfg = Debug|Any CPU
		{87871A9B-EE5A-4940-AD31-6485D7EAC10C}.Debug|x86.Build.0 = Debug|Any CPU
		{87871A9B-EE5A-4940-AD31-6485D7EAC10C}.Release|Any CPU.ActiveCfg = Release|Any CPU
		{87871A9B-EE5A-4940-AD31-6485D7EAC10C}.Release|Any CPU.Build.0 = Release|Any CPU
		{87871A9B-EE5A-4940-AD31-6485D7EAC10C}.Release|x64.ActiveCfg = Release|Any CPU
		{87871A9B-EE5A-4940-AD31-6485D7EAC10C}.Release|x64.Build.0 = Release|Any CPU
		{87871A9B-EE5A-4940-AD31-6485D7EAC10C}.Release|x86.ActiveCfg = Release|Any CPU
		{87871A9B-EE5A-4940-AD31-6485D7EAC10C}.Release|x86.Build.0 = Release|Any CPU
		{1A81277E-296C-40A6-A02A-E5709CC1AF29}.Debug|Any CPU.ActiveCfg = Debug|Any CPU
		{1A81277E-296C-40A6-A02A-E5709CC1AF29}.Debug|Any CPU.Build.0 = Debug|Any CPU
		{1A81277E-296C-40A6-A02A-E5709CC1AF29}.Debug|x64.ActiveCfg = Debug|Any CPU
		{1A81277E-296C-40A6-A02A-E5709CC1AF29}.Debug|x64.Build.0 = Debug|Any CPU
		{1A81277E-296C-40A6-A02A-E5709CC1AF29}.Debug|x86.ActiveCfg = Debug|Any CPU
		{1A81277E-296C-40A6-A02A-E5709CC1AF29}.Debug|x86.Build.0 = Debug|Any CPU
		{1A81277E-296C-40A6-A02A-E5709CC1AF29}.Release|Any CPU.ActiveCfg = Release|Any CPU
		{1A81277E-296C-40A6-A02A-E5709CC1AF29}.Release|Any CPU.Build.0 = Release|Any CPU
		{1A81277E-296C-40A6-A02A-E5709CC1AF29}.Release|x64.ActiveCfg = Release|Any CPU
		{1A81277E-296C-40A6-A02A-E5709CC1AF29}.Release|x64.Build.0 = Release|Any CPU
		{1A81277E-296C-40A6-A02A-E5709CC1AF29}.Release|x86.ActiveCfg = Release|Any CPU
		{1A81277E-296C-40A6-A02A-E5709CC1AF29}.Release|x86.Build.0 = Release|Any CPU
		{D992934E-033E-4A97-ACED-C4BF6E158C7B}.Debug|Any CPU.ActiveCfg = Debug|Any CPU
		{D992934E-033E-4A97-ACED-C4BF6E158C7B}.Debug|Any CPU.Build.0 = Debug|Any CPU
		{D992934E-033E-4A97-ACED-C4BF6E158C7B}.Debug|x64.ActiveCfg = Debug|Any CPU
		{D992934E-033E-4A97-ACED-C4BF6E158C7B}.Debug|x64.Build.0 = Debug|Any CPU
		{D992934E-033E-4A97-ACED-C4BF6E158C7B}.Debug|x86.ActiveCfg = Debug|Any CPU
		{D992934E-033E-4A97-ACED-C4BF6E158C7B}.Debug|x86.Build.0 = Debug|Any CPU
		{D992934E-033E-4A97-ACED-C4BF6E158C7B}.Release|Any CPU.ActiveCfg = Release|Any CPU
		{D992934E-033E-4A97-ACED-C4BF6E158C7B}.Release|Any CPU.Build.0 = Release|Any CPU
		{D992934E-033E-4A97-ACED-C4BF6E158C7B}.Release|x64.ActiveCfg = Release|Any CPU
		{D992934E-033E-4A97-ACED-C4BF6E158C7B}.Release|x64.Build.0 = Release|Any CPU
		{D992934E-033E-4A97-ACED-C4BF6E158C7B}.Release|x86.ActiveCfg = Release|Any CPU
		{D992934E-033E-4A97-ACED-C4BF6E158C7B}.Release|x86.Build.0 = Release|Any CPU
		{08AE71B2-8A2C-4AEE-AF17-A21B8CD5E385}.Debug|Any CPU.ActiveCfg = Debug|Any CPU
		{08AE71B2-8A2C-4AEE-AF17-A21B8CD5E385}.Debug|Any CPU.Build.0 = Debug|Any CPU
		{08AE71B2-8A2C-4AEE-AF17-A21B8CD5E385}.Debug|x64.ActiveCfg = Debug|Any CPU
		{08AE71B2-8A2C-4AEE-AF17-A21B8CD5E385}.Debug|x64.Build.0 = Debug|Any CPU
		{08AE71B2-8A2C-4AEE-AF17-A21B8CD5E385}.Debug|x86.ActiveCfg = Debug|Any CPU
		{08AE71B2-8A2C-4AEE-AF17-A21B8CD5E385}.Debug|x86.Build.0 = Debug|Any CPU
		{08AE71B2-8A2C-4AEE-AF17-A21B8CD5E385}.Release|Any CPU.ActiveCfg = Release|Any CPU
		{08AE71B2-8A2C-4AEE-AF17-A21B8CD5E385}.Release|Any CPU.Build.0 = Release|Any CPU
		{08AE71B2-8A2C-4AEE-AF17-A21B8CD5E385}.Release|x64.ActiveCfg = Release|Any CPU
		{08AE71B2-8A2C-4AEE-AF17-A21B8CD5E385}.Release|x64.Build.0 = Release|Any CPU
		{08AE71B2-8A2C-4AEE-AF17-A21B8CD5E385}.Release|x86.ActiveCfg = Release|Any CPU
		{08AE71B2-8A2C-4AEE-AF17-A21B8CD5E385}.Release|x86.Build.0 = Release|Any CPU
		{565BFD5C-84C2-4D07-9C0E-0F8F7AB87403}.Debug|Any CPU.ActiveCfg = Debug|Any CPU
		{565BFD5C-84C2-4D07-9C0E-0F8F7AB87403}.Debug|Any CPU.Build.0 = Debug|Any CPU
		{565BFD5C-84C2-4D07-9C0E-0F8F7AB87403}.Debug|x64.ActiveCfg = Debug|Any CPU
		{565BFD5C-84C2-4D07-9C0E-0F8F7AB87403}.Debug|x64.Build.0 = Debug|Any CPU
		{565BFD5C-84C2-4D07-9C0E-0F8F7AB87403}.Debug|x86.ActiveCfg = Debug|Any CPU
		{565BFD5C-84C2-4D07-9C0E-0F8F7AB87403}.Debug|x86.Build.0 = Debug|Any CPU
		{565BFD5C-84C2-4D07-9C0E-0F8F7AB87403}.Release|Any CPU.ActiveCfg = Release|Any CPU
		{565BFD5C-84C2-4D07-9C0E-0F8F7AB87403}.Release|Any CPU.Build.0 = Release|Any CPU
		{565BFD5C-84C2-4D07-9C0E-0F8F7AB87403}.Release|x64.ActiveCfg = Release|Any CPU
		{565BFD5C-84C2-4D07-9C0E-0F8F7AB87403}.Release|x64.Build.0 = Release|Any CPU
		{565BFD5C-84C2-4D07-9C0E-0F8F7AB87403}.Release|x86.ActiveCfg = Release|Any CPU
		{565BFD5C-84C2-4D07-9C0E-0F8F7AB87403}.Release|x86.Build.0 = Release|Any CPU
		{09F008FD-21EE-4C94-AA91-B45FE37EF36C}.Debug|Any CPU.ActiveCfg = Debug|Any CPU
		{09F008FD-21EE-4C94-AA91-B45FE37EF36C}.Debug|Any CPU.Build.0 = Debug|Any CPU
		{09F008FD-21EE-4C94-AA91-B45FE37EF36C}.Debug|x64.ActiveCfg = Debug|Any CPU
		{09F008FD-21EE-4C94-AA91-B45FE37EF36C}.Debug|x64.Build.0 = Debug|Any CPU
		{09F008FD-21EE-4C94-AA91-B45FE37EF36C}.Debug|x86.ActiveCfg = Debug|Any CPU
		{09F008FD-21EE-4C94-AA91-B45FE37EF36C}.Debug|x86.Build.0 = Debug|Any CPU
		{09F008FD-21EE-4C94-AA91-B45FE37EF36C}.Release|Any CPU.ActiveCfg = Release|Any CPU
		{09F008FD-21EE-4C94-AA91-B45FE37EF36C}.Release|Any CPU.Build.0 = Release|Any CPU
		{09F008FD-21EE-4C94-AA91-B45FE37EF36C}.Release|x64.ActiveCfg = Release|Any CPU
		{09F008FD-21EE-4C94-AA91-B45FE37EF36C}.Release|x64.Build.0 = Release|Any CPU
		{09F008FD-21EE-4C94-AA91-B45FE37EF36C}.Release|x86.ActiveCfg = Release|Any CPU
		{09F008FD-21EE-4C94-AA91-B45FE37EF36C}.Release|x86.Build.0 = Release|Any CPU
		{22D75F08-66F7-42D1-AD36-37349115BA88}.Debug|Any CPU.ActiveCfg = Debug|Any CPU
		{22D75F08-66F7-42D1-AD36-37349115BA88}.Debug|Any CPU.Build.0 = Debug|Any CPU
		{22D75F08-66F7-42D1-AD36-37349115BA88}.Debug|x64.ActiveCfg = Debug|Any CPU
		{22D75F08-66F7-42D1-AD36-37349115BA88}.Debug|x64.Build.0 = Debug|Any CPU
		{22D75F08-66F7-42D1-AD36-37349115BA88}.Debug|x86.ActiveCfg = Debug|Any CPU
		{22D75F08-66F7-42D1-AD36-37349115BA88}.Debug|x86.Build.0 = Debug|Any CPU
		{22D75F08-66F7-42D1-AD36-37349115BA88}.Release|Any CPU.ActiveCfg = Release|Any CPU
		{22D75F08-66F7-42D1-AD36-37349115BA88}.Release|Any CPU.Build.0 = Release|Any CPU
		{22D75F08-66F7-42D1-AD36-37349115BA88}.Release|x64.ActiveCfg = Release|Any CPU
		{22D75F08-66F7-42D1-AD36-37349115BA88}.Release|x64.Build.0 = Release|Any CPU
		{22D75F08-66F7-42D1-AD36-37349115BA88}.Release|x86.ActiveCfg = Release|Any CPU
		{22D75F08-66F7-42D1-AD36-37349115BA88}.Release|x86.Build.0 = Release|Any CPU
		{43BD843F-EF98-45A4-956F-BF419AFCBC94}.Debug|Any CPU.ActiveCfg = Debug|Any CPU
		{43BD843F-EF98-45A4-956F-BF419AFCBC94}.Debug|Any CPU.Build.0 = Debug|Any CPU
		{43BD843F-EF98-45A4-956F-BF419AFCBC94}.Debug|x64.ActiveCfg = Debug|Any CPU
		{43BD843F-EF98-45A4-956F-BF419AFCBC94}.Debug|x64.Build.0 = Debug|Any CPU
		{43BD843F-EF98-45A4-956F-BF419AFCBC94}.Debug|x86.ActiveCfg = Debug|Any CPU
		{43BD843F-EF98-45A4-956F-BF419AFCBC94}.Debug|x86.Build.0 = Debug|Any CPU
		{43BD843F-EF98-45A4-956F-BF419AFCBC94}.Release|Any CPU.ActiveCfg = Release|Any CPU
		{43BD843F-EF98-45A4-956F-BF419AFCBC94}.Release|Any CPU.Build.0 = Release|Any CPU
		{43BD843F-EF98-45A4-956F-BF419AFCBC94}.Release|x64.ActiveCfg = Release|Any CPU
		{43BD843F-EF98-45A4-956F-BF419AFCBC94}.Release|x64.Build.0 = Release|Any CPU
		{43BD843F-EF98-45A4-956F-BF419AFCBC94}.Release|x86.ActiveCfg = Release|Any CPU
		{43BD843F-EF98-45A4-956F-BF419AFCBC94}.Release|x86.Build.0 = Release|Any CPU
		{72D5CD50-0648-446D-A2A9-9A8B39A50E9B}.Debug|Any CPU.ActiveCfg = Debug|Any CPU
		{72D5CD50-0648-446D-A2A9-9A8B39A50E9B}.Debug|Any CPU.Build.0 = Debug|Any CPU
		{72D5CD50-0648-446D-A2A9-9A8B39A50E9B}.Debug|x64.ActiveCfg = Debug|Any CPU
		{72D5CD50-0648-446D-A2A9-9A8B39A50E9B}.Debug|x64.Build.0 = Debug|Any CPU
		{72D5CD50-0648-446D-A2A9-9A8B39A50E9B}.Debug|x86.ActiveCfg = Debug|Any CPU
		{72D5CD50-0648-446D-A2A9-9A8B39A50E9B}.Debug|x86.Build.0 = Debug|Any CPU
		{72D5CD50-0648-446D-A2A9-9A8B39A50E9B}.Release|Any CPU.ActiveCfg = Release|Any CPU
		{72D5CD50-0648-446D-A2A9-9A8B39A50E9B}.Release|Any CPU.Build.0 = Release|Any CPU
		{72D5CD50-0648-446D-A2A9-9A8B39A50E9B}.Release|x64.ActiveCfg = Release|Any CPU
		{72D5CD50-0648-446D-A2A9-9A8B39A50E9B}.Release|x64.Build.0 = Release|Any CPU
		{72D5CD50-0648-446D-A2A9-9A8B39A50E9B}.Release|x86.ActiveCfg = Release|Any CPU
		{72D5CD50-0648-446D-A2A9-9A8B39A50E9B}.Release|x86.Build.0 = Release|Any CPU
		{CE3D7931-852A-4A90-93DD-CC691C07CB7E}.Debug|Any CPU.ActiveCfg = Debug|Any CPU
		{CE3D7931-852A-4A90-93DD-CC691C07CB7E}.Debug|Any CPU.Build.0 = Debug|Any CPU
		{CE3D7931-852A-4A90-93DD-CC691C07CB7E}.Debug|x64.ActiveCfg = Debug|Any CPU
		{CE3D7931-852A-4A90-93DD-CC691C07CB7E}.Debug|x64.Build.0 = Debug|Any CPU
		{CE3D7931-852A-4A90-93DD-CC691C07CB7E}.Debug|x86.ActiveCfg = Debug|Any CPU
		{CE3D7931-852A-4A90-93DD-CC691C07CB7E}.Debug|x86.Build.0 = Debug|Any CPU
		{CE3D7931-852A-4A90-93DD-CC691C07CB7E}.Release|Any CPU.ActiveCfg = Release|Any CPU
		{CE3D7931-852A-4A90-93DD-CC691C07CB7E}.Release|Any CPU.Build.0 = Release|Any CPU
		{CE3D7931-852A-4A90-93DD-CC691C07CB7E}.Release|x64.ActiveCfg = Release|Any CPU
		{CE3D7931-852A-4A90-93DD-CC691C07CB7E}.Release|x64.Build.0 = Release|Any CPU
		{CE3D7931-852A-4A90-93DD-CC691C07CB7E}.Release|x86.ActiveCfg = Release|Any CPU
		{CE3D7931-852A-4A90-93DD-CC691C07CB7E}.Release|x86.Build.0 = Release|Any CPU
		{7C7031B6-8DF2-4B03-899F-837BF12D7540}.Debug|Any CPU.ActiveCfg = Debug|Any CPU
		{7C7031B6-8DF2-4B03-899F-837BF12D7540}.Debug|Any CPU.Build.0 = Debug|Any CPU
		{7C7031B6-8DF2-4B03-899F-837BF12D7540}.Debug|x64.ActiveCfg = Debug|Any CPU
		{7C7031B6-8DF2-4B03-899F-837BF12D7540}.Debug|x64.Build.0 = Debug|Any CPU
		{7C7031B6-8DF2-4B03-899F-837BF12D7540}.Debug|x86.ActiveCfg = Debug|Any CPU
		{7C7031B6-8DF2-4B03-899F-837BF12D7540}.Debug|x86.Build.0 = Debug|Any CPU
		{7C7031B6-8DF2-4B03-899F-837BF12D7540}.Release|Any CPU.ActiveCfg = Release|Any CPU
		{7C7031B6-8DF2-4B03-899F-837BF12D7540}.Release|Any CPU.Build.0 = Release|Any CPU
		{7C7031B6-8DF2-4B03-899F-837BF12D7540}.Release|x64.ActiveCfg = Release|Any CPU
		{7C7031B6-8DF2-4B03-899F-837BF12D7540}.Release|x64.Build.0 = Release|Any CPU
		{7C7031B6-8DF2-4B03-899F-837BF12D7540}.Release|x86.ActiveCfg = Release|Any CPU
		{7C7031B6-8DF2-4B03-899F-837BF12D7540}.Release|x86.Build.0 = Release|Any CPU
		{C9ECE765-6FA3-4FB0-AE1A-FCD00CD197E2}.Debug|Any CPU.ActiveCfg = Debug|Any CPU
		{C9ECE765-6FA3-4FB0-AE1A-FCD00CD197E2}.Debug|Any CPU.Build.0 = Debug|Any CPU
		{C9ECE765-6FA3-4FB0-AE1A-FCD00CD197E2}.Debug|x64.ActiveCfg = Debug|Any CPU
		{C9ECE765-6FA3-4FB0-AE1A-FCD00CD197E2}.Debug|x64.Build.0 = Debug|Any CPU
		{C9ECE765-6FA3-4FB0-AE1A-FCD00CD197E2}.Debug|x86.ActiveCfg = Debug|Any CPU
		{C9ECE765-6FA3-4FB0-AE1A-FCD00CD197E2}.Debug|x86.Build.0 = Debug|Any CPU
		{C9ECE765-6FA3-4FB0-AE1A-FCD00CD197E2}.Release|Any CPU.ActiveCfg = Release|Any CPU
		{C9ECE765-6FA3-4FB0-AE1A-FCD00CD197E2}.Release|Any CPU.Build.0 = Release|Any CPU
		{C9ECE765-6FA3-4FB0-AE1A-FCD00CD197E2}.Release|x64.ActiveCfg = Release|Any CPU
		{C9ECE765-6FA3-4FB0-AE1A-FCD00CD197E2}.Release|x64.Build.0 = Release|Any CPU
		{C9ECE765-6FA3-4FB0-AE1A-FCD00CD197E2}.Release|x86.ActiveCfg = Release|Any CPU
		{C9ECE765-6FA3-4FB0-AE1A-FCD00CD197E2}.Release|x86.Build.0 = Release|Any CPU
		{21B32724-5C2E-4BB2-A0C0-267B2BB293E3}.Debug|Any CPU.ActiveCfg = Debug|Any CPU
		{21B32724-5C2E-4BB2-A0C0-267B2BB293E3}.Debug|Any CPU.Build.0 = Debug|Any CPU
		{21B32724-5C2E-4BB2-A0C0-267B2BB293E3}.Debug|x64.ActiveCfg = Debug|Any CPU
		{21B32724-5C2E-4BB2-A0C0-267B2BB293E3}.Debug|x64.Build.0 = Debug|Any CPU
		{21B32724-5C2E-4BB2-A0C0-267B2BB293E3}.Debug|x86.ActiveCfg = Debug|Any CPU
		{21B32724-5C2E-4BB2-A0C0-267B2BB293E3}.Debug|x86.Build.0 = Debug|Any CPU
		{21B32724-5C2E-4BB2-A0C0-267B2BB293E3}.Release|Any CPU.ActiveCfg = Release|Any CPU
		{21B32724-5C2E-4BB2-A0C0-267B2BB293E3}.Release|Any CPU.Build.0 = Release|Any CPU
		{21B32724-5C2E-4BB2-A0C0-267B2BB293E3}.Release|x64.ActiveCfg = Release|Any CPU
		{21B32724-5C2E-4BB2-A0C0-267B2BB293E3}.Release|x64.Build.0 = Release|Any CPU
		{21B32724-5C2E-4BB2-A0C0-267B2BB293E3}.Release|x86.ActiveCfg = Release|Any CPU
		{21B32724-5C2E-4BB2-A0C0-267B2BB293E3}.Release|x86.Build.0 = Release|Any CPU
		{E89CBB9D-33C1-4AA1-B7EE-54B68AE77DED}.Debug|Any CPU.ActiveCfg = Debug|Any CPU
		{E89CBB9D-33C1-4AA1-B7EE-54B68AE77DED}.Debug|Any CPU.Build.0 = Debug|Any CPU
		{E89CBB9D-33C1-4AA1-B7EE-54B68AE77DED}.Debug|x64.ActiveCfg = Debug|Any CPU
		{E89CBB9D-33C1-4AA1-B7EE-54B68AE77DED}.Debug|x64.Build.0 = Debug|Any CPU
		{E89CBB9D-33C1-4AA1-B7EE-54B68AE77DED}.Debug|x86.ActiveCfg = Debug|Any CPU
		{E89CBB9D-33C1-4AA1-B7EE-54B68AE77DED}.Debug|x86.Build.0 = Debug|Any CPU
		{E89CBB9D-33C1-4AA1-B7EE-54B68AE77DED}.Release|Any CPU.ActiveCfg = Release|Any CPU
		{E89CBB9D-33C1-4AA1-B7EE-54B68AE77DED}.Release|Any CPU.Build.0 = Release|Any CPU
		{E89CBB9D-33C1-4AA1-B7EE-54B68AE77DED}.Release|x64.ActiveCfg = Release|Any CPU
		{E89CBB9D-33C1-4AA1-B7EE-54B68AE77DED}.Release|x64.Build.0 = Release|Any CPU
		{E89CBB9D-33C1-4AA1-B7EE-54B68AE77DED}.Release|x86.ActiveCfg = Release|Any CPU
		{E89CBB9D-33C1-4AA1-B7EE-54B68AE77DED}.Release|x86.Build.0 = Release|Any CPU
		{E79C8AA2-1659-499B-8CCC-A09AE5147AEC}.Debug|Any CPU.ActiveCfg = Debug|Any CPU
		{E79C8AA2-1659-499B-8CCC-A09AE5147AEC}.Debug|Any CPU.Build.0 = Debug|Any CPU
		{E79C8AA2-1659-499B-8CCC-A09AE5147AEC}.Debug|x64.ActiveCfg = Debug|Any CPU
		{E79C8AA2-1659-499B-8CCC-A09AE5147AEC}.Debug|x64.Build.0 = Debug|Any CPU
		{E79C8AA2-1659-499B-8CCC-A09AE5147AEC}.Debug|x86.ActiveCfg = Debug|Any CPU
		{E79C8AA2-1659-499B-8CCC-A09AE5147AEC}.Debug|x86.Build.0 = Debug|Any CPU
		{E79C8AA2-1659-499B-8CCC-A09AE5147AEC}.Release|Any CPU.ActiveCfg = Release|Any CPU
		{E79C8AA2-1659-499B-8CCC-A09AE5147AEC}.Release|Any CPU.Build.0 = Release|Any CPU
		{E79C8AA2-1659-499B-8CCC-A09AE5147AEC}.Release|x64.ActiveCfg = Release|Any CPU
		{E79C8AA2-1659-499B-8CCC-A09AE5147AEC}.Release|x64.Build.0 = Release|Any CPU
		{E79C8AA2-1659-499B-8CCC-A09AE5147AEC}.Release|x86.ActiveCfg = Release|Any CPU
		{E79C8AA2-1659-499B-8CCC-A09AE5147AEC}.Release|x86.Build.0 = Release|Any CPU
		{845BA728-507D-480C-BF99-D995AD51398F}.Debug|Any CPU.ActiveCfg = Debug|Any CPU
		{845BA728-507D-480C-BF99-D995AD51398F}.Debug|Any CPU.Build.0 = Debug|Any CPU
		{845BA728-507D-480C-BF99-D995AD51398F}.Debug|x64.ActiveCfg = Debug|Any CPU
		{845BA728-507D-480C-BF99-D995AD51398F}.Debug|x64.Build.0 = Debug|Any CPU
		{845BA728-507D-480C-BF99-D995AD51398F}.Debug|x86.ActiveCfg = Debug|Any CPU
		{845BA728-507D-480C-BF99-D995AD51398F}.Debug|x86.Build.0 = Debug|Any CPU
		{845BA728-507D-480C-BF99-D995AD51398F}.Release|Any CPU.ActiveCfg = Release|Any CPU
		{845BA728-507D-480C-BF99-D995AD51398F}.Release|Any CPU.Build.0 = Release|Any CPU
		{845BA728-507D-480C-BF99-D995AD51398F}.Release|x64.ActiveCfg = Release|Any CPU
		{845BA728-507D-480C-BF99-D995AD51398F}.Release|x64.Build.0 = Release|Any CPU
		{845BA728-507D-480C-BF99-D995AD51398F}.Release|x86.ActiveCfg = Release|Any CPU
		{845BA728-507D-480C-BF99-D995AD51398F}.Release|x86.Build.0 = Release|Any CPU
		{130C3007-DF71-4505-9E22-CF902ACCB136}.Debug|Any CPU.ActiveCfg = Debug|Any CPU
		{130C3007-DF71-4505-9E22-CF902ACCB136}.Debug|Any CPU.Build.0 = Debug|Any CPU
		{130C3007-DF71-4505-9E22-CF902ACCB136}.Debug|x64.ActiveCfg = Debug|Any CPU
		{130C3007-DF71-4505-9E22-CF902ACCB136}.Debug|x64.Build.0 = Debug|Any CPU
		{130C3007-DF71-4505-9E22-CF902ACCB136}.Debug|x86.ActiveCfg = Debug|Any CPU
		{130C3007-DF71-4505-9E22-CF902ACCB136}.Debug|x86.Build.0 = Debug|Any CPU
		{130C3007-DF71-4505-9E22-CF902ACCB136}.Release|Any CPU.ActiveCfg = Release|Any CPU
		{130C3007-DF71-4505-9E22-CF902ACCB136}.Release|Any CPU.Build.0 = Release|Any CPU
		{130C3007-DF71-4505-9E22-CF902ACCB136}.Release|x64.ActiveCfg = Release|Any CPU
		{130C3007-DF71-4505-9E22-CF902ACCB136}.Release|x64.Build.0 = Release|Any CPU
		{130C3007-DF71-4505-9E22-CF902ACCB136}.Release|x86.ActiveCfg = Release|Any CPU
		{130C3007-DF71-4505-9E22-CF902ACCB136}.Release|x86.Build.0 = Release|Any CPU
		{02AC1A8C-8C5A-476A-ADBA-3BA33C0C9998}.Debug|Any CPU.ActiveCfg = Debug|Any CPU
		{02AC1A8C-8C5A-476A-ADBA-3BA33C0C9998}.Debug|Any CPU.Build.0 = Debug|Any CPU
		{02AC1A8C-8C5A-476A-ADBA-3BA33C0C9998}.Debug|x64.ActiveCfg = Debug|Any CPU
		{02AC1A8C-8C5A-476A-ADBA-3BA33C0C9998}.Debug|x64.Build.0 = Debug|Any CPU
		{02AC1A8C-8C5A-476A-ADBA-3BA33C0C9998}.Debug|x86.ActiveCfg = Debug|Any CPU
		{02AC1A8C-8C5A-476A-ADBA-3BA33C0C9998}.Debug|x86.Build.0 = Debug|Any CPU
		{02AC1A8C-8C5A-476A-ADBA-3BA33C0C9998}.Release|Any CPU.ActiveCfg = Release|Any CPU
		{02AC1A8C-8C5A-476A-ADBA-3BA33C0C9998}.Release|Any CPU.Build.0 = Release|Any CPU
		{02AC1A8C-8C5A-476A-ADBA-3BA33C0C9998}.Release|x64.ActiveCfg = Release|Any CPU
		{02AC1A8C-8C5A-476A-ADBA-3BA33C0C9998}.Release|x64.Build.0 = Release|Any CPU
		{02AC1A8C-8C5A-476A-ADBA-3BA33C0C9998}.Release|x86.ActiveCfg = Release|Any CPU
		{02AC1A8C-8C5A-476A-ADBA-3BA33C0C9998}.Release|x86.Build.0 = Release|Any CPU
		{0D97E92C-CBCC-414E-BF34-FA5B78F3EE76}.Debug|Any CPU.ActiveCfg = Debug|Any CPU
		{0D97E92C-CBCC-414E-BF34-FA5B78F3EE76}.Debug|Any CPU.Build.0 = Debug|Any CPU
		{0D97E92C-CBCC-414E-BF34-FA5B78F3EE76}.Debug|x64.ActiveCfg = Debug|Any CPU
		{0D97E92C-CBCC-414E-BF34-FA5B78F3EE76}.Debug|x64.Build.0 = Debug|Any CPU
		{0D97E92C-CBCC-414E-BF34-FA5B78F3EE76}.Debug|x86.ActiveCfg = Debug|Any CPU
		{0D97E92C-CBCC-414E-BF34-FA5B78F3EE76}.Debug|x86.Build.0 = Debug|Any CPU
		{0D97E92C-CBCC-414E-BF34-FA5B78F3EE76}.Release|Any CPU.ActiveCfg = Release|Any CPU
		{0D97E92C-CBCC-414E-BF34-FA5B78F3EE76}.Release|Any CPU.Build.0 = Release|Any CPU
		{0D97E92C-CBCC-414E-BF34-FA5B78F3EE76}.Release|x64.ActiveCfg = Release|Any CPU
		{0D97E92C-CBCC-414E-BF34-FA5B78F3EE76}.Release|x64.Build.0 = Release|Any CPU
		{0D97E92C-CBCC-414E-BF34-FA5B78F3EE76}.Release|x86.ActiveCfg = Release|Any CPU
		{0D97E92C-CBCC-414E-BF34-FA5B78F3EE76}.Release|x86.Build.0 = Release|Any CPU
		{1327D2A6-F864-4EAA-AC30-900E06609539}.Debug|Any CPU.ActiveCfg = Debug|Any CPU
		{1327D2A6-F864-4EAA-AC30-900E06609539}.Debug|Any CPU.Build.0 = Debug|Any CPU
		{1327D2A6-F864-4EAA-AC30-900E06609539}.Debug|x64.ActiveCfg = Debug|Any CPU
		{1327D2A6-F864-4EAA-AC30-900E06609539}.Debug|x64.Build.0 = Debug|Any CPU
		{1327D2A6-F864-4EAA-AC30-900E06609539}.Debug|x86.ActiveCfg = Debug|Any CPU
		{1327D2A6-F864-4EAA-AC30-900E06609539}.Debug|x86.Build.0 = Debug|Any CPU
		{1327D2A6-F864-4EAA-AC30-900E06609539}.Release|Any CPU.ActiveCfg = Release|Any CPU
		{1327D2A6-F864-4EAA-AC30-900E06609539}.Release|Any CPU.Build.0 = Release|Any CPU
		{1327D2A6-F864-4EAA-AC30-900E06609539}.Release|x64.ActiveCfg = Release|Any CPU
		{1327D2A6-F864-4EAA-AC30-900E06609539}.Release|x64.Build.0 = Release|Any CPU
		{1327D2A6-F864-4EAA-AC30-900E06609539}.Release|x86.ActiveCfg = Release|Any CPU
		{1327D2A6-F864-4EAA-AC30-900E06609539}.Release|x86.Build.0 = Release|Any CPU
		{A7411944-7A1F-4EF8-AC23-BBF10D06527F}.Debug|Any CPU.ActiveCfg = Debug|Any CPU
		{A7411944-7A1F-4EF8-AC23-BBF10D06527F}.Debug|Any CPU.Build.0 = Debug|Any CPU
		{A7411944-7A1F-4EF8-AC23-BBF10D06527F}.Debug|x64.ActiveCfg = Debug|Any CPU
		{A7411944-7A1F-4EF8-AC23-BBF10D06527F}.Debug|x64.Build.0 = Debug|Any CPU
		{A7411944-7A1F-4EF8-AC23-BBF10D06527F}.Debug|x86.ActiveCfg = Debug|Any CPU
		{A7411944-7A1F-4EF8-AC23-BBF10D06527F}.Debug|x86.Build.0 = Debug|Any CPU
		{A7411944-7A1F-4EF8-AC23-BBF10D06527F}.Release|Any CPU.ActiveCfg = Release|Any CPU
		{A7411944-7A1F-4EF8-AC23-BBF10D06527F}.Release|Any CPU.Build.0 = Release|Any CPU
		{A7411944-7A1F-4EF8-AC23-BBF10D06527F}.Release|x64.ActiveCfg = Release|Any CPU
		{A7411944-7A1F-4EF8-AC23-BBF10D06527F}.Release|x64.Build.0 = Release|Any CPU
		{A7411944-7A1F-4EF8-AC23-BBF10D06527F}.Release|x86.ActiveCfg = Release|Any CPU
		{A7411944-7A1F-4EF8-AC23-BBF10D06527F}.Release|x86.Build.0 = Release|Any CPU
		{E1985161-1334-4939-8478-BB4A337DA3B3}.Debug|Any CPU.ActiveCfg = Debug|Any CPU
		{E1985161-1334-4939-8478-BB4A337DA3B3}.Debug|Any CPU.Build.0 = Debug|Any CPU
		{E1985161-1334-4939-8478-BB4A337DA3B3}.Debug|x64.ActiveCfg = Debug|Any CPU
		{E1985161-1334-4939-8478-BB4A337DA3B3}.Debug|x64.Build.0 = Debug|Any CPU
		{E1985161-1334-4939-8478-BB4A337DA3B3}.Debug|x86.ActiveCfg = Debug|Any CPU
		{E1985161-1334-4939-8478-BB4A337DA3B3}.Debug|x86.Build.0 = Debug|Any CPU
		{E1985161-1334-4939-8478-BB4A337DA3B3}.Release|Any CPU.ActiveCfg = Release|Any CPU
		{E1985161-1334-4939-8478-BB4A337DA3B3}.Release|Any CPU.Build.0 = Release|Any CPU
		{E1985161-1334-4939-8478-BB4A337DA3B3}.Release|x64.ActiveCfg = Release|Any CPU
		{E1985161-1334-4939-8478-BB4A337DA3B3}.Release|x64.Build.0 = Release|Any CPU
		{E1985161-1334-4939-8478-BB4A337DA3B3}.Release|x86.ActiveCfg = Release|Any CPU
		{E1985161-1334-4939-8478-BB4A337DA3B3}.Release|x86.Build.0 = Release|Any CPU
		{6BAA9455-2754-4072-B363-3C1345B8CD76}.Debug|Any CPU.ActiveCfg = Debug|Any CPU
		{6BAA9455-2754-4072-B363-3C1345B8CD76}.Debug|Any CPU.Build.0 = Debug|Any CPU
		{6BAA9455-2754-4072-B363-3C1345B8CD76}.Debug|x64.ActiveCfg = Debug|Any CPU
		{6BAA9455-2754-4072-B363-3C1345B8CD76}.Debug|x64.Build.0 = Debug|Any CPU
		{6BAA9455-2754-4072-B363-3C1345B8CD76}.Debug|x86.ActiveCfg = Debug|Any CPU
		{6BAA9455-2754-4072-B363-3C1345B8CD76}.Debug|x86.Build.0 = Debug|Any CPU
		{6BAA9455-2754-4072-B363-3C1345B8CD76}.Release|Any CPU.ActiveCfg = Release|Any CPU
		{6BAA9455-2754-4072-B363-3C1345B8CD76}.Release|Any CPU.Build.0 = Release|Any CPU
		{6BAA9455-2754-4072-B363-3C1345B8CD76}.Release|x64.ActiveCfg = Release|Any CPU
		{6BAA9455-2754-4072-B363-3C1345B8CD76}.Release|x64.Build.0 = Release|Any CPU
		{6BAA9455-2754-4072-B363-3C1345B8CD76}.Release|x86.ActiveCfg = Release|Any CPU
		{6BAA9455-2754-4072-B363-3C1345B8CD76}.Release|x86.Build.0 = Release|Any CPU
		{A06047F4-56FB-422A-A56D-C6FF8CA990D3}.Debug|Any CPU.ActiveCfg = Debug|Any CPU
		{A06047F4-56FB-422A-A56D-C6FF8CA990D3}.Debug|Any CPU.Build.0 = Debug|Any CPU
		{A06047F4-56FB-422A-A56D-C6FF8CA990D3}.Debug|x64.ActiveCfg = Debug|Any CPU
		{A06047F4-56FB-422A-A56D-C6FF8CA990D3}.Debug|x64.Build.0 = Debug|Any CPU
		{A06047F4-56FB-422A-A56D-C6FF8CA990D3}.Debug|x86.ActiveCfg = Debug|Any CPU
		{A06047F4-56FB-422A-A56D-C6FF8CA990D3}.Debug|x86.Build.0 = Debug|Any CPU
		{A06047F4-56FB-422A-A56D-C6FF8CA990D3}.Release|Any CPU.ActiveCfg = Release|Any CPU
		{A06047F4-56FB-422A-A56D-C6FF8CA990D3}.Release|Any CPU.Build.0 = Release|Any CPU
		{A06047F4-56FB-422A-A56D-C6FF8CA990D3}.Release|x64.ActiveCfg = Release|Any CPU
		{A06047F4-56FB-422A-A56D-C6FF8CA990D3}.Release|x64.Build.0 = Release|Any CPU
		{A06047F4-56FB-422A-A56D-C6FF8CA990D3}.Release|x86.ActiveCfg = Release|Any CPU
		{A06047F4-56FB-422A-A56D-C6FF8CA990D3}.Release|x86.Build.0 = Release|Any CPU
		{82D8AF87-1D0F-4484-829A-50AED81DE2FF}.Debug|Any CPU.ActiveCfg = Debug|Any CPU
		{82D8AF87-1D0F-4484-829A-50AED81DE2FF}.Debug|Any CPU.Build.0 = Debug|Any CPU
		{82D8AF87-1D0F-4484-829A-50AED81DE2FF}.Debug|x64.ActiveCfg = Debug|Any CPU
		{82D8AF87-1D0F-4484-829A-50AED81DE2FF}.Debug|x64.Build.0 = Debug|Any CPU
		{82D8AF87-1D0F-4484-829A-50AED81DE2FF}.Debug|x86.ActiveCfg = Debug|Any CPU
		{82D8AF87-1D0F-4484-829A-50AED81DE2FF}.Debug|x86.Build.0 = Debug|Any CPU
		{82D8AF87-1D0F-4484-829A-50AED81DE2FF}.Release|Any CPU.ActiveCfg = Release|Any CPU
		{82D8AF87-1D0F-4484-829A-50AED81DE2FF}.Release|Any CPU.Build.0 = Release|Any CPU
		{82D8AF87-1D0F-4484-829A-50AED81DE2FF}.Release|x64.ActiveCfg = Release|Any CPU
		{82D8AF87-1D0F-4484-829A-50AED81DE2FF}.Release|x64.Build.0 = Release|Any CPU
		{82D8AF87-1D0F-4484-829A-50AED81DE2FF}.Release|x86.ActiveCfg = Release|Any CPU
		{82D8AF87-1D0F-4484-829A-50AED81DE2FF}.Release|x86.Build.0 = Release|Any CPU
		{E99A2650-C3AF-432D-BF8C-A2E235F48820}.Debug|Any CPU.ActiveCfg = Debug|Any CPU
		{E99A2650-C3AF-432D-BF8C-A2E235F48820}.Debug|Any CPU.Build.0 = Debug|Any CPU
		{E99A2650-C3AF-432D-BF8C-A2E235F48820}.Debug|x64.ActiveCfg = Debug|Any CPU
		{E99A2650-C3AF-432D-BF8C-A2E235F48820}.Debug|x64.Build.0 = Debug|Any CPU
		{E99A2650-C3AF-432D-BF8C-A2E235F48820}.Debug|x86.ActiveCfg = Debug|Any CPU
		{E99A2650-C3AF-432D-BF8C-A2E235F48820}.Debug|x86.Build.0 = Debug|Any CPU
		{E99A2650-C3AF-432D-BF8C-A2E235F48820}.Release|Any CPU.ActiveCfg = Release|Any CPU
		{E99A2650-C3AF-432D-BF8C-A2E235F48820}.Release|Any CPU.Build.0 = Release|Any CPU
		{E99A2650-C3AF-432D-BF8C-A2E235F48820}.Release|x64.ActiveCfg = Release|Any CPU
		{E99A2650-C3AF-432D-BF8C-A2E235F48820}.Release|x64.Build.0 = Release|Any CPU
		{E99A2650-C3AF-432D-BF8C-A2E235F48820}.Release|x86.ActiveCfg = Release|Any CPU
		{E99A2650-C3AF-432D-BF8C-A2E235F48820}.Release|x86.Build.0 = Release|Any CPU
		{738F6621-92B4-45FE-98CA-47CDB47A1513}.Debug|Any CPU.ActiveCfg = Debug|Any CPU
		{738F6621-92B4-45FE-98CA-47CDB47A1513}.Debug|Any CPU.Build.0 = Debug|Any CPU
		{738F6621-92B4-45FE-98CA-47CDB47A1513}.Debug|x64.ActiveCfg = Debug|Any CPU
		{738F6621-92B4-45FE-98CA-47CDB47A1513}.Debug|x64.Build.0 = Debug|Any CPU
		{738F6621-92B4-45FE-98CA-47CDB47A1513}.Debug|x86.ActiveCfg = Debug|Any CPU
		{738F6621-92B4-45FE-98CA-47CDB47A1513}.Debug|x86.Build.0 = Debug|Any CPU
		{738F6621-92B4-45FE-98CA-47CDB47A1513}.Release|Any CPU.ActiveCfg = Release|Any CPU
		{738F6621-92B4-45FE-98CA-47CDB47A1513}.Release|Any CPU.Build.0 = Release|Any CPU
		{738F6621-92B4-45FE-98CA-47CDB47A1513}.Release|x64.ActiveCfg = Release|Any CPU
		{738F6621-92B4-45FE-98CA-47CDB47A1513}.Release|x64.Build.0 = Release|Any CPU
		{738F6621-92B4-45FE-98CA-47CDB47A1513}.Release|x86.ActiveCfg = Release|Any CPU
		{738F6621-92B4-45FE-98CA-47CDB47A1513}.Release|x86.Build.0 = Release|Any CPU
	EndGlobalSection
	GlobalSection(SolutionProperties) = preSolution
		HideSolutionNode = FALSE
	EndGlobalSection
	GlobalSection(NestedProjects) = preSolution
		{217493A8-A309-4D62-B446-9D6B3FD350DB} = {D8D6ECB3-2174-2CF6-25A7-12AB460C6B26}
		{0D97E92C-CBCC-414E-BF34-FA5B78F3EE76} = {07C2787E-EAC7-C090-1BA3-A61EC2A24D84}
		{1327D2A6-F864-4EAA-AC30-900E06609539} = {D8D6ECB3-2174-2CF6-25A7-12AB460C6B26}
		{A7411944-7A1F-4EF8-AC23-BBF10D06527F} = {D8D6ECB3-2174-2CF6-25A7-12AB460C6B26}
		{E1985161-1334-4939-8478-BB4A337DA3B3} = {D8D6ECB3-2174-2CF6-25A7-12AB460C6B26}
		{6BAA9455-2754-4072-B363-3C1345B8CD76} = {D8D6ECB3-2174-2CF6-25A7-12AB460C6B26}
		{A06047F4-56FB-422A-A56D-C6FF8CA990D3} = {D8D6ECB3-2174-2CF6-25A7-12AB460C6B26}
		{82D8AF87-1D0F-4484-829A-50AED81DE2FF} = {D8D6ECB3-2174-2CF6-25A7-12AB460C6B26}
		{E99A2650-C3AF-432D-BF8C-A2E235F48820} = {D8D6ECB3-2174-2CF6-25A7-12AB460C6B26}
		{738F6621-92B4-45FE-98CA-47CDB47A1513} = {D8D6ECB3-2174-2CF6-25A7-12AB460C6B26}
	EndGlobalSection
	GlobalSection(ExtensibilityGlobals) = postSolution
		SolutionGuid = {BE6B999D-BA59-4B30-93C4-2101E84C0456}
	EndGlobalSection
EndGlobal
