<Solution>
  <Project Path="KwyPecvd.App/KwyPecvd.App.csproj" />
  <Project Path="KwyPecvd.Contracts/KwyPecvd.Contracts.csproj" />
  <Project Path="KwyPecvd.Device/KwyPecvd.Device.csproj" />
  <Project Path="KwyPecvd.Process/KwyPecvd.Process.csproj" />
  <Project Path="KwyPecvd.RT/KwyPecvd.RT.csproj" />
  <Project Path="KwyPecvd.Shell/KwyPecvd.Shell.csproj" />
</Solution>